
Microsoft Visual Studio Solution File, Format Version 12.00
# Visual Studio Version 16
VisualStudioVersion = 16.0.34114.132
MinimumVisualStudioVersion = 10.0.40219.1
Project("{FAE04EC0-301F-11D3-BF4B-00C04F79EFBC}") = "QuickSort", "QuickSort\QuickSort.csproj", "{84E04EAE-23C2-4FE3-B279-367B6EE4CBD0}"
EndProject
Global
	GlobalSection(SolutionConfigurationPlatforms) = preSolution
		Debug|Any CPU = Debug|Any CPU
		Release|Any CPU = Release|Any CPU
	EndGlobalSection
	GlobalSection(ProjectConfigurationPlatforms) = postSolution
		{84E04EAE-23C2-4FE3-B279-367B6EE4CBD0}.Debug|Any CPU.ActiveCfg = Debug|Any CPU
		{84E04EAE-23C2-4FE3-B279-367B6EE4CBD0}.Debug|Any CPU.Build.0 = Debug|Any CPU
		{84E04EAE-23C2-4FE3-B279-367B6EE4CBD0}.Release|Any CPU.ActiveCfg = Release|Any CPU
		{84E04EAE-23C2-4FE3-B279-367B6EE4CBD0}.Release|Any CPU.Build.0 = Release|Any CPU
	EndGlobalSection
	GlobalSection(SolutionProperties) = preSolution
		HideSolutionNode = FALSE
	EndGlobalSection
	GlobalSection(ExtensibilityGlobals) = postSolution
		SolutionGuid = {480D6924-BD59-494D-909C-17FEFD137B11}
	EndGlobalSection
EndGlobal
