
Microsoft Visual Studio Solution File, Format Version 12.00
# Visual Studio Version 16
VisualStudioVersion = 16.0.34114.132
MinimumVisualStudioVersion = 10.0.40219.1
Project("{FAE04EC0-301F-11D3-BF4B-00C04F79EFBC}") = "BinarySearch", "BinarySearch\BinarySearch.csproj", "{F244FFC2-A02A-4420-AF1E-5D22442794BE}"
EndProject
Global
	GlobalSection(SolutionConfigurationPlatforms) = preSolution
		Debug|Any CPU = Debug|Any CPU
		Release|Any CPU = Release|Any CPU
	EndGlobalSection
	GlobalSection(ProjectConfigurationPlatforms) = postSolution
		{F244FFC2-A02A-4420-AF1E-5D22442794BE}.Debug|Any CPU.ActiveCfg = Debug|Any CPU
		{F244FFC2-A02A-4420-AF1E-5D22442794BE}.Debug|Any CPU.Build.0 = Debug|Any CPU
		{F244FFC2-A02A-4420-AF1E-5D22442794BE}.Release|Any CPU.ActiveCfg = Release|Any CPU
		{F244FFC2-A02A-4420-AF1E-5D22442794BE}.Release|Any CPU.Build.0 = Release|Any CPU
	EndGlobalSection
	GlobalSection(SolutionProperties) = preSolution
		HideSolutionNode = FALSE
	EndGlobalSection
	GlobalSection(ExtensibilityGlobals) = postSolution
		SolutionGuid = {2131BA7B-3554-4A93-8214-CB032E2F6F69}
	EndGlobalSection
EndGlobal
